// !$*UTF8*$!
{
	archiveVersion = 1;
	classes = {
	};
	objectVersion = 51;
	objects = {

/* Begin PBXBuildFile section */
		31F293925BA76D231EF05B2B /* Pods_iEnglish2.framework in Frameworks */ = {isa = PBXBuildFile; fileRef = 599C0A1E87663F80068DCAFA /* Pods_iEnglish2.framework */; };
		5A004A412303A5D500CCF20E /* AppDelegate.swift in Sources */ = {isa = PBXBuildFile; fileRef = 5A004A402303A5D500CCF20E /* AppDelegate.swift */; };
		5A004A432303A5D500CCF20E /* ViewController.swift in Sources */ = {isa = PBXBuildFile; fileRef = 5A004A422303A5D500CCF20E /* ViewController.swift */; };
		5A004A462303A5D500CCF20E /* Main.storyboard in Resources */ = {isa = PBXBuildFile; fileRef = 5A004A442303A5D500CCF20E /* Main.storyboard */; };
		5A004A482303A5D600CCF20E /* Assets.xcassets in Resources */ = {isa = PBXBuildFile; fileRef = 5A004A472303A5D600CCF20E /* Assets.xcassets */; };
		5A004A4B2303A5D600CCF20E /* LaunchScreen.storyboard in Resources */ = {isa = PBXBuildFile; fileRef = 5A004A492303A5D600CCF20E /* LaunchScreen.storyboard */; };
		5A004A562303A5D700CCF20E /* iEnglish2Tests.swift in Sources */ = {isa = PBXBuildFile; fileRef = 5A004A552303A5D700CCF20E /* iEnglish2Tests.swift */; };
		5A00745D2304D2A90004C3CF /* Model.swift in Sources */ = {isa = PBXBuildFile; fileRef = 5A00745C2304D2A90004C3CF /* Model.swift */; };
		BFCC3C84CFDB8F40EC48483F /* Pods_iEnglish2Tests.framework in Frameworks */ = {isa = PBXBuildFile; fileRef = 5657980F40EA74B39581D14F /* Pods_iEnglish2Tests.framework */; };
/* End PBXBuildFile section */

/* Begin PBXContainerItemProxy section */
		5A004A522303A5D700CCF20E /* PBXContainerItemProxy */ = {
			isa = PBXContainerItemProxy;
			containerPortal = 5A004A352303A5D500CCF20E /* Project object */;
			proxyType = 1;
			remoteGlobalIDString = 5A004A3C2303A5D500CCF20E;
			remoteInfo = iEnglish2;
		};
/* End PBXContainerItemProxy section */

/* Begin PBXFileReference section */
		44741A58919C6ADB2B8F4BA7 /* Pods-iEnglish2Tests.release.xcconfig */ = {isa = PBXFileReference; includeInIndex = 1; lastKnownFileType = text.xcconfig; name = "Pods-iEnglish2Tests.release.xcconfig"; path = "Target Support Files/Pods-iEnglish2Tests/Pods-iEnglish2Tests.release.xcconfig"; sourceTree = "<group>"; };
		5657980F40EA74B39581D14F /* Pods_iEnglish2Tests.framework */ = {isa = PBXFileReference; explicitFileType = wrapper.framework; includeInIndex = 0; path = Pods_iEnglish2Tests.framework; sourceTree = BUILT_PRODUCTS_DIR; };
		599C0A1E87663F80068DCAFA /* Pods_iEnglish2.framework */ = {isa = PBXFileReference; explicitFileType = wrapper.framework; includeInIndex = 0; path = Pods_iEnglish2.framework; sourceTree = BUILT_PRODUCTS_DIR; };
		5A004A3D2303A5D500CCF20E /* iEnglish2.app */ = {isa = PBXFileReference; explicitFileType = wrapper.application; includeInIndex = 0; path = iEnglish2.app; sourceTree = BUILT_PRODUCTS_DIR; };
		5A004A402303A5D500CCF20E /* AppDelegate.swift */ = {isa = PBXFileReference; lastKnownFileType = sourcecode.swift; path = AppDelegate.swift; sourceTree = "<group>"; };
		5A004A422303A5D500CCF20E /* ViewController.swift */ = {isa = PBXFileReference; lastKnownFileType = sourcecode.swift; path = ViewController.swift; sourceTree = "<group>"; };
		5A004A452303A5D500CCF20E /* Base */ = {isa = PBXFileReference; lastKnownFileType = file.storyboard; name = Base; path = Base.lproj/Main.storyboard; sourceTree = "<group>"; };
		5A004A472303A5D600CCF20E /* Assets.xcassets */ = {isa = PBXFileReference; lastKnownFileType = folder.assetcatalog; path = Assets.xcassets; sourceTree = "<group>"; };
		5A004A4A2303A5D600CCF20E /* Base */ = {isa = PBXFileReference; lastKnownFileType = file.storyboard; name = Base; path = Base.lproj/LaunchScreen.storyboard; sourceTree = "<group>"; };
		5A004A4C2303A5D600CCF20E /* Info.plist */ = {isa = PBXFileReference; lastKnownFileType = text.plist.xml; path = Info.plist; sourceTree = "<group>"; };
		5A004A512303A5D700CCF20E /* iEnglish2Tests.xctest */ = {isa = PBXFileReference; explicitFileType = wrapper.cfbundle; includeInIndex = 0; path = iEnglish2Tests.xctest; sourceTree = BUILT_PRODUCTS_DIR; };
		5A004A552303A5D700CCF20E /* iEnglish2Tests.swift */ = {isa = PBXFileReference; lastKnownFileType = sourcecode.swift; path = iEnglish2Tests.swift; sourceTree = "<group>"; };
		5A004A572303A5D700CCF20E /* Info.plist */ = {isa = PBXFileReference; lastKnownFileType = text.plist.xml; path = Info.plist; sourceTree = "<group>"; };
		5A00745C2304D2A90004C3CF /* Model.swift */ = {isa = PBXFileReference; lastKnownFileType = sourcecode.swift; path = Model.swift; sourceTree = "<group>"; };
		6508BC52BA7B770488ED6246 /* Pods-iEnglish2Tests.debug.xcconfig */ = {isa = PBXFileReference; includeInIndex = 1; lastKnownFileType = text.xcconfig; name = "Pods-iEnglish2Tests.debug.xcconfig"; path = "Target Support Files/Pods-iEnglish2Tests/Pods-iEnglish2Tests.debug.xcconfig"; sourceTree = "<group>"; };
		77E4D157559E92456D436E45 /* Pods-iEnglish2.debug.xcconfig */ = {isa = PBXFileReference; includeInIndex = 1; lastKnownFileType = text.xcconfig; name = "Pods-iEnglish2.debug.xcconfig"; path = "Target Support Files/Pods-iEnglish2/Pods-iEnglish2.debug.xcconfig"; sourceTree = "<group>"; };
		C5F78074BF28E7DB70519112 /* Pods-iEnglish2.release.xcconfig */ = {isa = PBXFileReference; includeInIndex = 1; lastKnownFileType = text.xcconfig; name = "Pods-iEnglish2.release.xcconfig"; path = "Target Support Files/Pods-iEnglish2/Pods-iEnglish2.release.xcconfig"; sourceTree = "<group>"; };
/* End PBXFileReference section */

/* Begin PBXFrameworksBuildPhase section */
		5A004A3A2303A5D500CCF20E /* Frameworks */ = {
			isa = PBXFrameworksBuildPhase;
			buildActionMask = 2147483647;
			files = (
				31F293925BA76D231EF05B2B /* Pods_iEnglish2.framework in Frameworks */,
			);
			runOnlyForDeploymentPostprocessing = 0;
		};
		5A004A4E2303A5D700CCF20E /* Frameworks */ = {
			isa = PBXFrameworksBuildPhase;
			buildActionMask = 2147483647;
			files = (
				BFCC3C84CFDB8F40EC48483F /* Pods_iEnglish2Tests.framework in Frameworks */,
			);
			runOnlyForDeploymentPostprocessing = 0;
		};
/* End PBXFrameworksBuildPhase section */

/* Begin PBXGroup section */
		0E6D0E85FE5A5EBC25517C38 /* Frameworks */ = {
			isa = PBXGroup;
			children = (
				599C0A1E87663F80068DCAFA /* Pods_iEnglish2.framework */,
				5657980F40EA74B39581D14F /* Pods_iEnglish2Tests.framework */,
			);
			name = Frameworks;
			sourceTree = "<group>";
		};
		5A004A342303A5D500CCF20E = {
			isa = PBXGroup;
			children = (
				5A004A3F2303A5D500CCF20E /* iEnglish2 */,
				5A004A542303A5D700CCF20E /* iEnglish2Tests */,
				5A004A3E2303A5D500CCF20E /* Products */,
				7E65A4CBA091CC8A4FC0681B /* Pods */,
				0E6D0E85FE5A5EBC25517C38 /* Frameworks */,
			);
			sourceTree = "<group>";
		};
		5A004A3E2303A5D500CCF20E /* Products */ = {
			isa = PBXGroup;
			children = (
				5A004A3D2303A5D500CCF20E /* iEnglish2.app */,
				5A004A512303A5D700CCF20E /* iEnglish2Tests.xctest */,
			);
			name = Products;
			sourceTree = "<group>";
		};
		5A004A3F2303A5D500CCF20E /* iEnglish2 */ = {
			isa = PBXGroup;
			children = (
				5A004A402303A5D500CCF20E /* AppDelegate.swift */,
				5A004A422303A5D500CCF20E /* ViewController.swift */,
				5A004A442303A5D500CCF20E /* Main.storyboard */,
				5A00745C2304D2A90004C3CF /* Model.swift */,
				5A004A472303A5D600CCF20E /* Assets.xcassets */,
				5A004A492303A5D600CCF20E /* LaunchScreen.storyboard */,
				5A004A4C2303A5D600CCF20E /* Info.plist */,
			);
			path = iEnglish2;
			sourceTree = "<group>";
		};
		5A004A542303A5D700CCF20E /* iEnglish2Tests */ = {
			isa = PBXGroup;
			children = (
				5A004A552303A5D700CCF20E /* iEnglish2Tests.swift */,
				5A004A572303A5D700CCF20E /* Info.plist */,
			);
			path = iEnglish2Tests;
			sourceTree = "<group>";
		};
		7E65A4CBA091CC8A4FC0681B /* Pods */ = {
			isa = PBXGroup;
			children = (
				77E4D157559E92456D436E45 /* Pods-iEnglish2.debug.xcconfig */,
				C5F78074BF28E7DB70519112 /* Pods-iEnglish2.release.xcconfig */,
				6508BC52BA7B770488ED6246 /* Pods-iEnglish2Tests.debug.xcconfig */,
				44741A58919C6ADB2B8F4BA7 /* Pods-iEnglish2Tests.release.xcconfig */,
			);
			path = Pods;
			sourceTree = "<group>";
		};
/* End PBXGroup section */

/* Begin PBXNativeTarget section */
		5A004A3C2303A5D500CCF20E /* iEnglish2 */ = {
			isa = PBXNativeTarget;
			buildConfigurationList = 5A004A5A2303A5D700CCF20E /* Build configuration list for PBXNativeTarget "iEnglish2" */;
			buildPhases = (
				5360417B42F2C39D4D5D2AD9 /* [CP] Check Pods Manifest.lock */,
				5A004A392303A5D500CCF20E /* Sources */,
				5A004A3A2303A5D500CCF20E /* Frameworks */,
				5A004A3B2303A5D500CCF20E /* Resources */,
				BD8757EC889FF6580EF8ED88 /* [CP] Embed Pods Frameworks */,
			);
			buildRules = (
			);
			dependencies = (
			);
			name = iEnglish2;
			productName = iEnglish2;
			productReference = 5A004A3D2303A5D500CCF20E /* iEnglish2.app */;
			productType = "com.apple.product-type.application";
		};
		5A004A502303A5D700CCF20E /* iEnglish2Tests */ = {
			isa = PBXNativeTarget;
			buildConfigurationList = 5A004A5D2303A5D700CCF20E /* Build configuration list for PBXNativeTarget "iEnglish2Tests" */;
			buildPhases = (
				05E608A01BA9EE2B13DBEDA8 /* [CP] Check Pods Manifest.lock */,
				5A004A4D2303A5D700CCF20E /* Sources */,
				5A004A4E2303A5D700CCF20E /* Frameworks */,
				5A004A4F2303A5D700CCF20E /* Resources */,
			);
			buildRules = (
			);
			dependencies = (
				5A004A532303A5D700CCF20E /* PBXTargetDependency */,
			);
			name = iEnglish2Tests;
			productName = iEnglish2Tests;
			productReference = 5A004A512303A5D700CCF20E /* iEnglish2Tests.xctest */;
			productType = "com.apple.product-type.bundle.unit-test";
		};
/* End PBXNativeTarget section */

/* Begin PBXProject section */
		5A004A352303A5D500CCF20E /* Project object */ = {
			isa = PBXProject;
			attributes = {
				LastSwiftUpdateCheck = 1030;
				LastUpgradeCheck = 1030;
				ORGANIZATIONNAME = "Mulang Su";
				TargetAttributes = {
					5A004A3C2303A5D500CCF20E = {
						CreatedOnToolsVersion = 10.3;
					};
					5A004A502303A5D700CCF20E = {
						CreatedOnToolsVersion = 10.3;
						TestTargetID = 5A004A3C2303A5D500CCF20E;
					};
				};
			};
			buildConfigurationList = 5A004A382303A5D500CCF20E /* Build configuration list for PBXProject "iEnglish2" */;
			compatibilityVersion = "Xcode 9.3";
			developmentRegion = en;
			hasScannedForEncodings = 0;
			knownRegions = (
				en,
				Base,
			);
			mainGroup = 5A004A342303A5D500CCF20E;
			productRefGroup = 5A004A3E2303A5D500CCF20E /* Products */;
			projectDirPath = "";
			projectRoot = "";
			targets = (
				5A004A3C2303A5D500CCF20E /* iEnglish2 */,
				5A004A502303A5D700CCF20E /* iEnglish2Tests */,
			);
		};
/* End PBXProject section */

/* Begin PBXResourcesBuildPhase section */
		5A004A3B2303A5D500CCF20E /* Resources */ = {
			isa = PBXResourcesBuildPhase;
			buildActionMask = 2147483647;
			files = (
				5A004A4B2303A5D600CCF20E /* LaunchScreen.storyboard in Resources */,
				5A004A482303A5D600CCF20E /* Assets.xcassets in Resources */,
				5A004A462303A5D500CCF20E /* Main.storyboard in Resources */,
			);
			runOnlyForDeploymentPostprocessing = 0;
		};
		5A004A4F2303A5D700CCF20E /* Resources */ = {
			isa = PBXResourcesBuildPhase;
			buildActionMask = 2147483647;
			files = (
			);
			runOnlyForDeploymentPostprocessing = 0;
		};
/* End PBXResourcesBuildPhase section */

/* Begin PBXShellScriptBuildPhase section */
		05E608A01BA9EE2B13DBEDA8 /* [CP] Check Pods Manifest.lock */ = {
			isa = PBXShellScriptBuildPhase;
			buildActionMask = 2147483647;
			files = (
			);
			inputFileListPaths = (
			);
			inputPaths = (
				"${PODS_PODFILE_DIR_PATH}/Podfile.lock",
				"${PODS_ROOT}/Manifest.lock",
			);
			name = "[CP] Check Pods Manifest.lock";
			outputFileListPaths = (
			);
			outputPaths = (
				"$(DERIVED_FILE_DIR)/Pods-iEnglish2Tests-checkManifestLockResult.txt",
			);
			runOnlyForDeploymentPostprocessing = 0;
			shellPath = /bin/sh;
			shellScript = "diff \"${PODS_PODFILE_DIR_PATH}/Podfile.lock\" \"${PODS_ROOT}/Manifest.lock\" > /dev/null\nif [ $? != 0 ] ; then\n    # print error to STDERR\n    echo \"error: The sandbox is not in sync with the Podfile.lock. Run 'pod install' or update your CocoaPods installation.\" >&2\n    exit 1\nfi\n# This output is used by Xcode 'outputs' to avoid re-running this script phase.\necho \"SUCCESS\" > \"${SCRIPT_OUTPUT_FILE_0}\"\n";
			showEnvVarsInLog = 0;
		};
		5360417B42F2C39D4D5D2AD9 /* [CP] Check Pods Manifest.lock */ = {
			isa = PBXShellScriptBuildPhase;
			buildActionMask = 2147483647;
			files = (
			);
			inputFileListPaths = (
			);
			inputPaths = (
				"${PODS_PODFILE_DIR_PATH}/Podfile.lock",
				"${PODS_ROOT}/Manifest.lock",
			);
			name = "[CP] Check Pods Manifest.lock";
			outputFileListPaths = (
			);
			outputPaths = (
				"$(DERIVED_FILE_DIR)/Pods-iEnglish2-checkManifestLockResult.txt",
			);
			runOnlyForDeploymentPostprocessing = 0;
			shellPath = /bin/sh;
			shellScript = "diff \"${PODS_PODFILE_DIR_PATH}/Podfile.lock\" \"${PODS_ROOT}/Manifest.lock\" > /dev/null\nif [ $? != 0 ] ; then\n    # print error to STDERR\n    echo \"error: The sandbox is not in sync with the Podfile.lock. Run 'pod install' or update your CocoaPods installation.\" >&2\n    exit 1\nfi\n# This output is used by Xcode 'outputs' to avoid re-running this script phase.\necho \"SUCCESS\" > \"${SCRIPT_OUTPUT_FILE_0}\"\n";
			showEnvVarsInLog = 0;
		};
		BD8757EC889FF6580EF8ED88 /* [CP] Embed Pods Frameworks */ = {
			isa = PBXShellScriptBuildPhase;
			buildActionMask = 2147483647;
			files = (
			);
			inputFileListPaths = (
				"${PODS_ROOT}/Target Support Files/Pods-iEnglish2/Pods-iEnglish2-frameworks-${CONFIGURATION}-input-files.xcfilelist",
			);
			name = "[CP] Embed Pods Frameworks";
			outputFileListPaths = (
				"${PODS_ROOT}/Target Support Files/Pods-iEnglish2/Pods-iEnglish2-frameworks-${CONFIGURATION}-output-files.xcfilelist",
			);
			runOnlyForDeploymentPostprocessing = 0;
			shellPath = /bin/sh;
			shellScript = "\"${PODS_ROOT}/Target Support Files/Pods-iEnglish2/Pods-iEnglish2-frameworks.sh\"\n";
			showEnvVarsInLog = 0;
		};
/* End PBXShellScriptBuildPhase section */

/* Begin PBXSourcesBuildPhase section */
		5A004A392303A5D500CCF20E /* Sources */ = {
			isa = PBXSourcesBuildPhase;
			buildActionMask = 2147483647;
			files = (
				5A00745D2304D2A90004C3CF /* Model.swift in Sources */,
				5A004A432303A5D500CCF20E /* ViewController.swift in Sources */,
				5A004A412303A5D500CCF20E /* AppDelegate.swift in Sources */,
			);
			runOnlyForDeploymentPostprocessing = 0;
		};
		5A004A4D2303A5D700CCF20E /* Sources */ = {
			isa = PBXSourcesBuildPhase;
			buildActionMask = 2147483647;
			files = (
				5A004A562303A5D700CCF20E /* iEnglish2Tests.swift in Sources */,
			);
			runOnlyForDeploymentPostprocessing = 0;
		};
/* End PBXSourcesBuildPhase section */

/* Begin PBXTargetDependency section */
		5A004A532303A5D700CCF20E /* PBXTargetDependency */ = {
			isa = PBXTargetDependency;
			target = 5A004A3C2303A5D500CCF20E /* iEnglish2 */;
			targetProxy = 5A004A522303A5D700CCF20E /* PBXContainerItemProxy */;
		};
/* End PBXTargetDependency section */

/* Begin PBXVariantGroup section */
		5A004A442303A5D500CCF20E /* Main.storyboard */ = {
			isa = PBXVariantGroup;
			children = (
				5A004A452303A5D500CCF20E /* Base */,
			);
			name = Main.storyboard;
			sourceTree = "<group>";
		};
		5A004A492303A5D600CCF20E /* LaunchScreen.storyboard */ = {
			isa = PBXVariantGroup;
			children = (
				5A004A4A2303A5D600CCF20E /* Base */,
			);
			name = LaunchScreen.storyboard;
			sourceTree = "<group>";
		};
/* End PBXVariantGroup section */

/* Begin XCBuildConfiguration section */
		5A004A582303A5D700CCF20E /* Debug */ = {
			isa = XCBuildConfiguration;
			buildSettings = {
				ALWAYS_SEARCH_USER_PATHS = NO;
				CLANG_ANALYZER_NONNULL = YES;
				CLANG_ANALYZER_NUMBER_OBJECT_CONVERSION = YES_AGGRESSIVE;
				CLANG_CXX_LANGUAGE_STANDARD = "gnu++14";
				CLANG_CXX_LIBRARY = "libc++";
				CLANG_ENABLE_MODULES = YES;
				CLANG_ENABLE_OBJC_ARC = YES;
				CLANG_ENABLE_OBJC_WEAK = YES;
				CLANG_WARN_BLOCK_CAPTURE_AUTORELEASING = YES;
				CLANG_WARN_BOOL_CONVERSION = YES;
				CLANG_WARN_COMMA = YES;
				CLANG_WARN_CONSTANT_CONVERSION = YES;
				CLANG_WARN_DEPRECATED_OBJC_IMPLEMENTATIONS = YES;
				CLANG_WARN_DIRECT_OBJC_ISA_USAGE = YES_ERROR;
				CLANG_WARN_DOCUMENTATION_COMMENTS = YES;
				CLANG_WARN_EMPTY_BODY = YES;
				CLANG_WARN_ENUM_CONVERSION = YES;
				CLANG_WARN_INFINITE_RECURSION = YES;
				CLANG_WARN_INT_CONVERSION = YES;
				CLANG_WARN_NON_LITERAL_NULL_CONVERSION = YES;
				CLANG_WARN_OBJC_IMPLICIT_RETAIN_SELF = YES;
				CLANG_WARN_OBJC_LITERAL_CONVERSION = YES;
				CLANG_WARN_OBJC_ROOT_CLASS = YES_ERROR;
				CLANG_WARN_RANGE_LOOP_ANALYSIS = YES;
				CLANG_WARN_STRICT_PROTOTYPES = YES;
				CLANG_WARN_SUSPICIOUS_MOVE = YES;
				CLANG_WARN_UNGUARDED_AVAILABILITY = YES_AGGRESSIVE;
				CLANG_WARN_UNREACHABLE_CODE = YES;
				CLANG_WARN__DUPLICATE_METHOD_MATCH = YES;
				CODE_SIGN_IDENTITY = "iPhone Developer";
				COPY_PHASE_STRIP = NO;
				DEBUG_INFORMATION_FORMAT = dwarf;
				ENABLE_STRICT_OBJC_MSGSEND = YES;
				ENABLE_TESTABILITY = YES;
				GCC_C_LANGUAGE_STANDARD = gnu11;
				GCC_DYNAMIC_NO_PIC = NO;
				GCC_NO_COMMON_BLOCKS = YES;
				GCC_OPTIMIZATION_LEVEL = 0;
				GCC_PREPROCESSOR_DEFINITIONS = (
					"DEBUG=1",
					"$(inherited)",
				);
				GCC_WARN_64_TO_32_BIT_CONVERSION = YES;
				GCC_WARN_ABOUT_RETURN_TYPE = YES_ERROR;
				GCC_WARN_UNDECLARED_SELECTOR = YES;
				GCC_WARN_UNINITIALIZED_AUTOS = YES_AGGRESSIVE;
				GCC_WARN_UNUSED_FUNCTION = YES;
				GCC_WARN_UNUSED_VARIABLE = YES;
				IPHONEOS_DEPLOYMENT_TARGET = 12.4;
				MTL_ENABLE_DEBUG_INFO = INCLUDE_SOURCE;
				MTL_FAST_MATH = YES;
				ONLY_ACTIVE_ARCH = YES;
				SDKROOT = iphoneos;
				SWIFT_ACTIVE_COMPILATION_CONDITIONS = DEBUG;
				SWIFT_OPTIMIZATION_LEVEL = "-Onone";
			};
			name = Debug;
		};
		5A004A592303A5D700CCF20E /* Release */ = {
			isa = XCBuildConfiguration;
			buildSettings = {
				ALWAYS_SEARCH_USER_PATHS = NO;
				CLANG_ANALYZER_NONNULL = YES;
				CLANG_ANALYZER_NUMBER_OBJECT_CONVERSION = YES_AGGRESSIVE;
				CLANG_CXX_LANGUAGE_STANDARD = "gnu++14";
				CLANG_CXX_LIBRARY = "libc++";
				CLANG_ENABLE_MODULES = YES;
				CLANG_ENABLE_OBJC_ARC = YES;
				CLANG_ENABLE_OBJC_WEAK = YES;
				CLANG_WARN_BLOCK_CAPTURE_AUTORELEASING = YES;
				CLANG_WARN_BOOL_CONVERSION = YES;
				CLANG_WARN_COMMA = YES;
				CLANG_WARN_CONSTANT_CONVERSION = YES;
				CLANG_WARN_DEPRECATED_OBJC_IMPLEMENTATIONS = YES;
				CLANG_WARN_DIRECT_OBJC_ISA_USAGE = YES_ERROR;
				CLANG_WARN_DOCUMENTATION_COMMENTS = YES;
				CLANG_WARN_EMPTY_BODY = YES;
				CLANG_WARN_ENUM_CONVERSION = YES;
				CLANG_WARN_INFINITE_RECURSION = YES;
				CLANG_WARN_INT_CONVERSION = YES;
				CLANG_WARN_NON_LITERAL_NULL_CONVERSION = YES;
				CLANG_WARN_OBJC_IMPLICIT_RETAIN_SELF = YES;
				CLANG_WARN_OBJC_LITERAL_CONVERSION = YES;
				CLANG_WARN_OBJC_ROOT_CLASS = YES_ERROR;
				CLANG_WARN_RANGE_LOOP_ANALYSIS = YES;
				CLANG_WARN_STRICT_PROTOTYPES = YES;
				CLANG_WARN_SUSPICIOUS_MOVE = YES;
				CLANG_WARN_UNGUARDED_AVAILABILITY = YES_AGGRESSIVE;
				CLANG_WARN_UNREACHABLE_CODE = YES;
				CLANG_WARN__DUPLICATE_METHOD_MATCH = YES;
				CODE_SIGN_IDENTITY = "iPhone Developer";
				COPY_PHASE_STRIP = NO;
				DEBUG_INFORMATION_FORMAT = "dwarf-with-dsym";
				ENABLE_NS_ASSERTIONS = NO;
				ENABLE_STRICT_OBJC_MSGSEND = YES;
				GCC_C_LANGUAGE_STANDARD = gnu11;
				GCC_NO_COMMON_BLOCKS = YES;
				GCC_WARN_64_TO_32_BIT_CONVERSION = YES;
				GCC_WARN_ABOUT_RETURN_TYPE = YES_ERROR;
				GCC_WARN_UNDECLARED_SELECTOR = YES;
				GCC_WARN_UNINITIALIZED_AUTOS = YES_AGGRESSIVE;
				GCC_WARN_UNUSED_FUNCTION = YES;
				GCC_WARN_UNUSED_VARIABLE = YES;
				IPHONEOS_DEPLOYMENT_TARGET = 12.4;
				MTL_ENABLE_DEBUG_INFO = NO;
				MTL_FAST_MATH = YES;
				SDKROOT = iphoneos;
				SWIFT_COMPILATION_MODE = wholemodule;
				SWIFT_OPTIMIZATION_LEVEL = "-O";
				VALIDATE_PRODUCT = YES;
			};
			name = Release;
		};
		5A004A5B2303A5D700CCF20E /* Debug */ = {
			isa = XCBuildConfiguration;
			baseConfigurationReference = 77E4D157559E92456D436E45 /* Pods-iEnglish2.debug.xcconfig */;
			buildSettings = {
				ASSETCATALOG_COMPILER_APPICON_NAME = AppIcon;
				CODE_SIGN_STYLE = Automatic;
				DEVELOPMENT_TEAM = E9MW74DJ4Y;
				INFOPLIST_FILE = iEnglish2/Info.plist;
				IPHONEOS_DEPLOYMENT_TARGET = 11.0;
				LD_RUNPATH_SEARCH_PATHS = (
					"$(inherited)",
					"@executable_path/Frameworks",
				);
				PRODUCT_BUNDLE_IDENTIFIER = com.iEnglish2;
				PRODUCT_NAME = "$(TARGET_NAME)";
				SWIFT_VERSION = 5.0;
				TARGETED_DEVICE_FAMILY = "1,2";
			};
			name = Debug;
		};
		5A004A5C2303A5D700CCF20E /* Release */ = {
			isa = XCBuildConfiguration;
			baseConfigurationReference = C5F78074BF28E7DB70519112 /* Pods-iEnglish2.release.xcconfig */;
			buildSettings = {
				ASSETCATALOG_COMPILER_APPICON_NAME = AppIcon;
				CODE_SIGN_STYLE = Automatic;
				DEVELOPMENT_TEAM = E9MW74DJ4Y;
				INFOPLIST_FILE = iEnglish2/Info.plist;
				IPHONEOS_DEPLOYMENT_TARGET = 11.0;
				LD_RUNPATH_SEARCH_PATHS = (
					"$(inherited)",
					"@executable_path/Frameworks",
				);
				PRODUCT_BUNDLE_IDENTIFIER = com.iEnglish2;
				PRODUCT_NAME = "$(TARGET_NAME)";
				SWIFT_VERSION = 5.0;
				TARGETED_DEVICE_FAMILY = "1,2";
			};
			name = Release;
		};
		5A004A5E2303A5D700CCF20E /* Debug */ = {
			isa = XCBuildConfiguration;
			baseConfigurationReference = 6508BC52BA7B770488ED6246 /* Pods-iEnglish2Tests.debug.xcconfig */;
			buildSettings = {
				ALWAYS_EMBED_SWIFT_STANDARD_LIBRARIES = YES;
				BUNDLE_LOADER = "$(TEST_HOST)";
				CODE_SIGN_STYLE = Automatic;
				DEVELOPMENT_TEAM = E9MW74DJ4Y;
				INFOPLIST_FILE = iEnglish2Tests/Info.plist;
				LD_RUNPATH_SEARCH_PATHS = (
					"$(inherited)",
					"@executable_path/Frameworks",
					"@loader_path/Frameworks",
				);
				PRODUCT_BUNDLE_IDENTIFIER = com.iEnglish2Tests;
				PRODUCT_NAME = "$(TARGET_NAME)";
				SWIFT_VERSION = 5.0;
				TARGETED_DEVICE_FAMILY = "1,2";
				TEST_HOST = "$(BUILT_PRODUCTS_DIR)/iEnglish2.app/iEnglish2";
			};
			name = Debug;
		};
		5A004A5F2303A5D700CCF20E /* Release */ = {
			isa = XCBuildConfiguration;
			baseConfigurationReference = 44741A58919C6ADB2B8F4BA7 /* Pods-iEnglish2Tests.release.xcconfig */;
			buildSettings = {
				ALWAYS_EMBED_SWIFT_STANDARD_LIBRARIES = YES;
				BUNDLE_LOADER = "$(TEST_HOST)";
				CODE_SIGN_STYLE = Automatic;
				DEVELOPMENT_TEAM = E9MW74DJ4Y;
				INFOPLIST_FILE = iEnglish2Tests/Info.plist;
				LD_RUNPATH_SEARCH_PATHS = (
					"$(inherited)",
					"@executable_path/Frameworks",
					"@loader_path/Frameworks",
				);
				PRODUCT_BUNDLE_IDENTIFIER = com.iEnglish2Tests;
				PRODUCT_NAME = "$(TARGET_NAME)";
				SWIFT_VERSION = 5.0;
				TARGETED_DEVICE_FAMILY = "1,2";
				TEST_HOST = "$(BUILT_PRODUCTS_DIR)/iEnglish2.app/iEnglish2";
			};
			name = Release;
		};
/* End XCBuildConfiguration section */

/* Begin XCConfigurationList section */
		5A004A382303A5D500CCF20E /* Build configuration list for PBXProject "iEnglish2" */ = {
			isa = XCConfigurationList;
			buildConfigurations = (
				5A004A582303A5D700CCF20E /* Debug */,
				5A004A592303A5D700CCF20E /* Release */,
			);
			defaultConfigurationIsVisible = 0;
			defaultConfigurationName = Release;
		};
		5A004A5A2303A5D700CCF20E /* Build configuration list for PBXNativeTarget "iEnglish2" */ = {
			isa = XCConfigurationList;
			buildConfigurations = (
				5A004A5B2303A5D700CCF20E /* Debug */,
				5A004A5C2303A5D700CCF20E /* Release */,
			);
			defaultConfigurationIsVisible = 0;
			defaultConfigurationName = Release;
		};
		5A004A5D2303A5D700CCF20E /* Build configuration list for PBXNativeTarget "iEnglish2Tests" */ = {
			isa = XCConfigurationList;
			buildConfigurations = (
				5A004A5E2303A5D700CCF20E /* Debug */,
				5A004A5F2303A5D700CCF20E /* Release */,
			);
			defaultConfigurationIsVisible = 0;
			defaultConfigurationName = Release;
		};
/* End XCConfigurationList section */
	};
	rootObject = 5A004A352303A5D500CCF20E /* Project object */;
}
